
Microsoft Visual Studio Solution File, Format Version 12.00
# Visual Studio 15
VisualStudioVersion = 15.0.28010.2026
MinimumVisualStudioVersion = 10.0.40219.1
Project("{F184B08F-C81C-45F6-A57F-5ABD9991F28F}") = "Lab03", "Lab03\Lab03.vbproj", "{5BA84748-0DAE-4E04-B270-89E709F59785}"
EndProject
Global
	GlobalSection(SolutionConfigurationPlatforms) = preSolution
		Debug|Any CPU = Debug|Any CPU
		Release|Any CPU = Release|Any CPU
	EndGlobalSection
	GlobalSection(ProjectConfigurationPlatforms) = postSolution
		{5BA84748-0DAE-4E04-B270-89E709F59785}.Debug|Any CPU.ActiveCfg = Debug|Any CPU
		{5BA84748-0DAE-4E04-B270-89E709F59785}.Debug|Any CPU.Build.0 = Debug|Any CPU
		{5BA84748-0DAE-4E04-B270-89E709F59785}.Release|Any CPU.ActiveCfg = Release|Any CPU
		{5BA84748-0DAE-4E04-B270-89E709F59785}.Release|Any CPU.Build.0 = Release|Any CPU
	EndGlobalSection
	GlobalSection(SolutionProperties) = preSolution
		HideSolutionNode = FALSE
	EndGlobalSection
	GlobalSection(ExtensibilityGlobals) = postSolution
		SolutionGuid = {4C48497D-1F1F-472B-A91D-18A92AF594D8}
	EndGlobalSection
EndGlobal
